{
  "name": "scroll-snap-js",
  "version": "1.0.0",
  "lockfileVersion": 1,
  "requires": true,
  "dependencies": {
    "scroll-snap": {
      "version": "3.1.0",
      "resolved": "https://registry.npmjs.org/scroll-snap/-/scroll-snap-3.1.0.tgz",
      "integrity": "sha512-suYM4T2dr/LIE8VRgpGNzU9jK9FYUFXtX4z4i9WCq5ZzWKLwcHsSbCTEgES+89mLx7Nnn2//Tt0gtLODWmNQyg=="
    }
  }
}
